
Microsoft Visual Studio Solution File, Format Version 12.00
# Visual Studio Version 17
VisualStudioVersion = 17.10.34916.146
MinimumVisualStudioVersion = 10.0.40219.1
Project("{FAE04EC0-301F-11D3-BF4B-00C04F79EFBC}") = "TwoSumProbem", "TwoSumProbem.csproj", "{BA03A349-421D-4B75-BFCF-A049C22630A1}"
EndProject
Global
	GlobalSection(SolutionConfigurationPlatforms) = preSolution
		Debug|Any CPU = Debug|Any CPU
		Release|Any CPU = Release|Any CPU
	EndGlobalSection
	GlobalSection(ProjectConfigurationPlatforms) = postSolution
		{BA03A349-421D-4B75-BFCF-A049C22630A1}.Debug|Any CPU.ActiveCfg = Debug|Any CPU
		{BA03A349-421D-4B75-BFCF-A049C22630A1}.Debug|Any CPU.Build.0 = Debug|Any CPU
		{BA03A349-421D-4B75-BFCF-A049C22630A1}.Release|Any CPU.ActiveCfg = Release|Any CPU
		{BA03A349-421D-4B75-BFCF-A049C22630A1}.Release|Any CPU.Build.0 = Release|Any CPU
	EndGlobalSection
	GlobalSection(SolutionProperties) = preSolution
		HideSolutionNode = FALSE
	EndGlobalSection
	GlobalSection(ExtensibilityGlobals) = postSolution
		SolutionGuid = {3E2D08AC-CF57-492A-AB0E-A7029092061B}
	EndGlobalSection
EndGlobal
